{
  "version": 1,
  "dependencies": {
    "net6.0": {
      "Microsoft.CodeAnalysis.NetAnalyzers": {
        "type": "Direct",
        "requested": "[6.0.0, )",
        "resolved": "6.0.0",
        "contentHash": "cjG06LMeOADNUeCUaklOfVgrnVkLy80H5PVll4QHDUXv+C+6G9rHczrNdWjfb3xKv3Ts9s4UsP6J2ZWe52Gz4Q=="
      },
      "SerilogAnalyzer": {
        "type": "Direct",
        "requested": "[0.15.0, )",
        "resolved": "0.15.0",
        "contentHash": "sVpwfls4MfNnwIXLSGCgaUnV+c9kgJ8ia6GsyRcpd4Vs3gLogSDtSYBYrre2K2u/PNMo8GgG09RehwVnze70Tw=="
      },
      "SmartAnalyzers.ExceptionAnalyzer": {
        "type": "Direct",
        "requested": "[1.0.10, )",
        "resolved": "1.0.10",
        "contentHash": "vK2QCxSPUDXvxvgf60qqnHzpsNvW4D5yJpOyTKQbr8odSPw4M1GmDIUJuILfQo/QJb/FAE2Zzebr9pNpmbjxdw=="
      },
      "SmartAnalyzers.MultithreadingAnalyzer": {
        "type": "Direct",
        "requested": "[1.1.31, )",
        "resolved": "1.1.31",
        "contentHash": "2f2k7bbhDd132ArglCKpzKoWBcp3uzbIFcb4aosnlqIKlfYKDE2HevBVRNVa+LkWFnjXFFWs47Bo96fu8iS//Q=="
      },
      "StyleCop.Analyzers": {
        "type": "Direct",
        "requested": "[1.2.0-beta.376, )",
        "resolved": "1.2.0-beta.376",
        "contentHash": "uaaVoOYWfIMoWtZsNJwV0m/GI3XAi8BA71e9iBOFDPo3TtAmcGkZ2qcxItkWb6eKI90urOPmxc35BnuhluC1IA==",
        "dependencies": {
          "StyleCop.Analyzers.Unstable": "1.2.0.376"
        }
      },
      "Swashbuckle.AspNetCore": {
        "type": "Direct",
        "requested": "[6.2.3, )",
        "resolved": "6.2.3",
        "contentHash": "cnzQDn0Le+hInsw2SYwlOhOCPXpYi/szcvnyqZJ12v+QyrLBwAmWXBg6RIyHB18s/mLeywC+Rg2O9ndz0IUNYQ==",
        "dependencies": {
          "Microsoft.Extensions.ApiDescription.Server": "3.0.0",
          "Swashbuckle.AspNetCore.Swagger": "6.2.3",
          "Swashbuckle.AspNetCore.SwaggerGen": "6.2.3",
          "Swashbuckle.AspNetCore.SwaggerUI": "6.2.3"
        }
      },
      "Microsoft.Extensions.ApiDescription.Server": {
        "type": "Transitive",
        "resolved": "3.0.0",
        "contentHash": "LH4OE/76F6sOCslif7+Xh3fS/wUUrE5ryeXAMcoCnuwOQGT5Smw0p57IgDh/pHgHaGz/e+AmEQb7pRgb++wt0w=="
      },
      "Microsoft.OpenApi": {
        "type": "Transitive",
        "resolved": "1.2.3",
        "contentHash": "Nug3rO+7Kl5/SBAadzSMAVgqDlfGjJZ0GenQrLywJ84XGKO0uRqkunz5Wyl0SDwcR71bAATXvSdbdzPrYRYKGw=="
      },
      "StyleCop.Analyzers.Unstable": {
        "type": "Transitive",
        "resolved": "1.2.0.376",
        "contentHash": "a009jDRd7zP6h+jenZ7nGjqkkFkEuxmT9FeM334cLDwodfU2x/nNcsFqw2Pjd4wVPiyX+qjLq+vhhbE3OPzFMw=="
      },
      "Swashbuckle.AspNetCore.Swagger": {
        "type": "Transitive",
        "resolved": "6.2.3",
        "contentHash": "qOF7j1sL0bWm8g/qqHVPCvkO3JlVvUIB8WfC98kSh6BT5y5DAnBNctfac7XR5EZf+eD7/WasvANncTqwZYfmWQ==",
        "dependencies": {
          "Microsoft.OpenApi": "1.2.3"
        }
      },
      "Swashbuckle.AspNetCore.SwaggerGen": {
        "type": "Transitive",
        "resolved": "6.2.3",
        "contentHash": "+Xq7WdMCCfcXlnbLJVFNgY8ITdP2TRYIlpbt6IKzDw5FwFxdi9lBfNDtcT+/wkKwX70iBBFmXldnnd02/VO72A==",
        "dependencies": {
          "Swashbuckle.AspNetCore.Swagger": "6.2.3"
        }
      },
      "Swashbuckle.AspNetCore.SwaggerUI": {
        "type": "Transitive",
        "resolved": "6.2.3",
        "contentHash": "bCRI87uKJVb4G+KURWm8LQrL64St04dEFZcF6gIM67Zc0Sr/N47EO83ybLMYOvfNdO1DCv8xwPcrz9J/VEhQ5g=="
      }
    }
  }
}